PODS:
  - Braintree/ApplePay (5.6.3):
    - Braintree/Core
  - Braintree/Card (5.6.3):
    - Braintree/Core
  - Braintree/Core (5.6.3)
  - Braintree/PaymentFlow (5.6.3):
    - Braintree/Core
    - Braintree/PayPalDataCollector
  - Braintree/PayPal (5.6.3):
    - Braintree/Core
    - Braintree/PayPalDataCollector
  - Braintree/PayPalDataCollector (5.6.3)
  - Braintree/ThreeDSecure (5.6.3):
    - Braintree/Card
    - Braintree/PaymentFlow
  - Braintree/UnionPay (5.6.3):
    - Braintree/Card
  - Braintree/Venmo (5.6.3):
    - Braintree/Core
  - BraintreeDropIn (9.4.0):
    - Braintree/ApplePay (~> 5.6.1)
    - Braintree/Card (~> 5.6.1)
    - Braintree/Core (~> 5.6.1)
    - Braintree/PayPal (~> 5.6.1)
    - Braintree/ThreeDSecure (~> 5.6.1)
    - Braintree/UnionPay (~> 5.6.1)
    - Braintree/Venmo (~> 5.6.1)
  - Flutter (1.0.0)
  - flutter_braintree (1.0.0):
    - Braintree/ApplePay (~> 5.6.3)
    - Braintree/PayPal (~> 5.6.3)
    - BraintreeDropIn (= 9.4.0)
    - Flutter
  - path_provider_foundation (0.0.1):
    - Flutter
    - FlutterMacOS
  - uni_links (0.0.1):
    - Flutter
  - url_launcher_ios (0.0.1):
    - Flutter

DEPENDENCIES:
  - Flutter (from `Flutter`)
  - flutter_braintree (from `.symlinks/plugins/flutter_braintree/ios`)
  - path_provider_foundation (from `.symlinks/plugins/path_provider_foundation/darwin`)
  - uni_links (from `.symlinks/plugins/uni_links/ios`)
  - url_launcher_ios (from `.symlinks/plugins/url_launcher_ios/ios`)

SPEC REPOS:
  trunk:
    - Braintree
    - BraintreeDropIn

EXTERNAL SOURCES:
  Flutter:
    :path: Flutter
  flutter_braintree:
    :path: ".symlinks/plugins/flutter_braintree/ios"
  path_provider_foundation:
    :path: ".symlinks/plugins/path_provider_foundation/darwin"
  uni_links:
    :path: ".symlinks/plugins/uni_links/ios"
  url_launcher_ios:
    :path: ".symlinks/plugins/url_launcher_ios/ios"

SPEC CHECKSUMS:
  Braintree: cef7388a3647515f1e0861e52200c2f3dad0f98f
  BraintreeDropIn: 89df35f840004affa22ebb8f06b12d20615411bf
  Flutter: cabc95a1d2626b1b06e7179b784ebcf0c0cde467
  flutter_braintree: 72276002464c36b1d5a6266fbdb94c0b600e62fd
  path_provider_foundation: 2b6b4c569c0fb62ec74538f866245ac84301af46
  uni_links: d97da20c7701486ba192624d99bffaaffcfc298a
  url_launcher_ios: 5334b05cef931de560670eeae103fd3e431ac3fe

PODFILE CHECKSUM: abd443950e39581896bf0041a9c0725c8b2dbfb8

COCOAPODS: 1.16.2
